// !$*UTF8*$!
{
	archiveVersion = 1;
	classes = {
	};
	objectVersion = 46;
	objects = {

/* Begin PBXBuildFile section */
		3995EA891C12177300B20645 /* Approx.c in Sources */ = {isa = PBXBuildFile; fileRef = 3995EA871C12177300B20645 /* Approx.c */; };
		3995EA8C1C1218B300B20645 /* BnB.c in Sources */ = {isa = PBXBuildFile; fileRef = 3995EA8A1C1218B300B20645 /* BnB.c */; };
		39AA39B31BF140DC00624579 /* main.c in Sources */ = {isa = PBXBuildFile; fileRef = 39AA39B21BF140DC00624579 /* main.c */; };
		39AA39BE1BF1414A00624579 /* Graph.c in Sources */ = {isa = PBXBuildFile; fileRef = 39AA39BC1BF1414A00624579 /* Graph.c */; };
		39B69E291BF2CA1600228086 /* FIFOQueue.c in Sources */ = {isa = PBXBuildFile; fileRef = 39B69E251BF2CA1600228086 /* FIFOQueue.c */; };
		39B69E2A1BF2CA1600228086 /* PrioQ.c in Sources */ = {isa = PBXBuildFile; fileRef = 39B69E271BF2CA1600228086 /* PrioQ.c */; };
		39B69E2D1BF2CB9200228086 /* Common.c in Sources */ = {isa = PBXBuildFile; fileRef = 39B69E2B1BF2CB9200228086 /* Common.c */; };
/* End PBXBuildFile section */

/* Begin PBXCopyFilesBuildPhase section */
		39AA39AD1BF140DC00624579 /* CopyFiles */ = {
			isa = PBXCopyFilesBuildPhase;
			buildActionMask = 2147483647;
			dstPath = /usr/share/man/man1/;
			dstSubfolderSpec = 0;
			files = (
			);
			runOnlyForDeploymentPostprocessing = 1;
		};
/* End PBXCopyFilesBuildPhase section */

/* Begin PBXFileReference section */
		3995EA871C12177300B20645 /* Approx.c */ = {isa = PBXFileReference; fileEncoding = 4; lastKnownFileType = sourcecode.c.c; path = Approx.c; sourceTree = "<group>"; };
		3995EA881C12177300B20645 /* Approx.h */ = {isa = PBXFileReference; fileEncoding = 4; lastKnownFileType = sourcecode.c.h; path = Approx.h; sourceTree = "<group>"; };
		3995EA8A1C1218B300B20645 /* BnB.c */ = {isa = PBXFileReference; fileEncoding = 4; lastKnownFileType = sourcecode.c.c; path = BnB.c; sourceTree = "<group>"; };
		3995EA8B1C1218B300B20645 /* BnB.h */ = {isa = PBXFileReference; fileEncoding = 4; lastKnownFileType = sourcecode.c.h; path = BnB.h; sourceTree = "<group>"; };
		39AA39AF1BF140DC00624579 /* MVC */ = {isa = PBXFileReference; explicitFileType = "compiled.mach-o.executable"; includeInIndex = 0; path = MVC; sourceTree = BUILT_PRODUCTS_DIR; };
		39AA39B21BF140DC00624579 /* main.c */ = {isa = PBXFileReference; lastKnownFileType = sourcecode.c.c; path = main.c; sourceTree = "<group>"; };
		39AA39BC1BF1414A00624579 /* Graph.c */ = {isa = PBXFileReference; fileEncoding = 4; lastKnownFileType = sourcecode.c.c; path = Graph.c; sourceTree = "<group>"; };
		39AA39BD1BF1414A00624579 /* Graph.h */ = {isa = PBXFileReference; fileEncoding = 4; lastKnownFileType = sourcecode.c.h; path = Graph.h; sourceTree = "<group>"; };
		39B69E251BF2CA1600228086 /* FIFOQueue.c */ = {isa = PBXFileReference; fileEncoding = 4; lastKnownFileType = sourcecode.c.c; path = FIFOQueue.c; sourceTree = "<group>"; };
		39B69E261BF2CA1600228086 /* FIFOQueue.h */ = {isa = PBXFileReference; fileEncoding = 4; lastKnownFileType = sourcecode.c.h; path = FIFOQueue.h; sourceTree = "<group>"; };
		39B69E271BF2CA1600228086 /* PrioQ.c */ = {isa = PBXFileReference; fileEncoding = 4; lastKnownFileType = sourcecode.c.c; path = PrioQ.c; sourceTree = "<group>"; };
		39B69E281BF2CA1600228086 /* PrioQ.h */ = {isa = PBXFileReference; fileEncoding = 4; lastKnownFileType = sourcecode.c.h; path = PrioQ.h; sourceTree = "<group>"; };
		39B69E2B1BF2CB9200228086 /* Common.c */ = {isa = PBXFileReference; fileEncoding = 4; lastKnownFileType = sourcecode.c.c; path = Common.c; sourceTree = "<group>"; };
		39B69E2C1BF2CB9200228086 /* Common.h */ = {isa = PBXFileReference; fileEncoding = 4; lastKnownFileType = sourcecode.c.h; path = Common.h; sourceTree = "<group>"; };
/* End PBXFileReference section */

/* Begin PBXFrameworksBuildPhase section */
		39AA39AC1BF140DC00624579 /* Frameworks */ = {
			isa = PBXFrameworksBuildPhase;
			buildActionMask = 2147483647;
			files = (
			);
			runOnlyForDeploymentPostprocessing = 0;
		};
/* End PBXFrameworksBuildPhase section */

/* Begin PBXGroup section */
		39AA39A61BF140DC00624579 = {
			isa = PBXGroup;
			children = (
				39AA39B11BF140DC00624579 /* MVC */,
				39AA39B01BF140DC00624579 /* Products */,
			);
			sourceTree = "<group>";
		};
		39AA39B01BF140DC00624579 /* Products */ = {
			isa = PBXGroup;
			children = (
				39AA39AF1BF140DC00624579 /* MVC */,
			);
			name = Products;
			sourceTree = "<group>";
		};
		39AA39B11BF140DC00624579 /* MVC */ = {
			isa = PBXGroup;
			children = (
				39B69E2B1BF2CB9200228086 /* Common.c */,
				39B69E2C1BF2CB9200228086 /* Common.h */,
				39B69E251BF2CA1600228086 /* FIFOQueue.c */,
				39B69E261BF2CA1600228086 /* FIFOQueue.h */,
				39B69E271BF2CA1600228086 /* PrioQ.c */,
				39B69E281BF2CA1600228086 /* PrioQ.h */,
				39AA39BC1BF1414A00624579 /* Graph.c */,
				39AA39BD1BF1414A00624579 /* Graph.h */,
				39AA39B21BF140DC00624579 /* main.c */,
				3995EA871C12177300B20645 /* Approx.c */,
				3995EA881C12177300B20645 /* Approx.h */,
				3995EA8A1C1218B300B20645 /* BnB.c */,
				3995EA8B1C1218B300B20645 /* BnB.h */,
			);
			path = MVC;
			sourceTree = "<group>";
		};
/* End PBXGroup section */

/* Begin PBXNativeTarget section */
		39AA39AE1BF140DC00624579 /* MVC */ = {
			isa = PBXNativeTarget;
			buildConfigurationList = 39AA39B61BF140DC00624579 /* Build configuration list for PBXNativeTarget "MVC" */;
			buildPhases = (
				39AA39AB1BF140DC00624579 /* Sources */,
				39AA39AC1BF140DC00624579 /* Frameworks */,
				39AA39AD1BF140DC00624579 /* CopyFiles */,
			);
			buildRules = (
			);
			dependencies = (
			);
			name = MVC;
			productName = MVC;
			productReference = 39AA39AF1BF140DC00624579 /* MVC */;
			productType = "com.apple.product-type.tool";
		};
/* End PBXNativeTarget section */

/* Begin PBXProject section */
		39AA39A71BF140DC00624579 /* Project object */ = {
			isa = PBXProject;
			attributes = {
				LastUpgradeCheck = 0710;
				ORGANIZATIONNAME = "xinye lei";
				TargetAttributes = {
					39AA39AE1BF140DC00624579 = {
						CreatedOnToolsVersion = 7.1;
					};
				};
			};
			buildConfigurationList = 39AA39AA1BF140DC00624579 /* Build configuration list for PBXProject "MVC" */;
			compatibilityVersion = "Xcode 3.2";
			developmentRegion = English;
			hasScannedForEncodings = 0;
			knownRegions = (
				en,
			);
			mainGroup = 39AA39A61BF140DC00624579;
			productRefGroup = 39AA39B01BF140DC00624579 /* Products */;
			projectDirPath = "";
			projectRoot = "";
			targets = (
				39AA39AE1BF140DC00624579 /* MVC */,
			);
		};
/* End PBXProject section */

/* Begin PBXSourcesBuildPhase section */
		39AA39AB1BF140DC00624579 /* Sources */ = {
			isa = PBXSourcesBuildPhase;
			buildActionMask = 2147483647;
			files = (
				39AA39BE1BF1414A00624579 /* Graph.c in Sources */,
				39AA39B31BF140DC00624579 /* main.c in Sources */,
				39B69E2D1BF2CB9200228086 /* Common.c in Sources */,
				3995EA891C12177300B20645 /* Approx.c in Sources */,
				3995EA8C1C1218B300B20645 /* BnB.c in Sources */,
				39B69E291BF2CA1600228086 /* FIFOQueue.c in Sources */,
				39B69E2A1BF2CA1600228086 /* PrioQ.c in Sources */,
			);
			runOnlyForDeploymentPostprocessing = 0;
		};
/* End PBXSourcesBuildPhase section */

/* Begin XCBuildConfiguration section */
		39AA39B41BF140DC00624579 /* Debug */ = {
			isa = XCBuildConfiguration;
			buildSettings = {
				ALWAYS_SEARCH_USER_PATHS = NO;
				CLANG_CXX_LANGUAGE_STANDARD = "gnu++0x";
				CLANG_CXX_LIBRARY = "libc++";
				CLANG_ENABLE_MODULES = YES;
				CLANG_ENABLE_OBJC_ARC = YES;
				CLANG_WARN_BOOL_CONVERSION = YES;
				CLANG_WARN_CONSTANT_CONVERSION = YES;
				CLANG_WARN_DIRECT_OBJC_ISA_USAGE = YES_ERROR;
				CLANG_WARN_EMPTY_BODY = YES;
				CLANG_WARN_ENUM_CONVERSION = YES;
				CLANG_WARN_INT_CONVERSION = YES;
				CLANG_WARN_OBJC_ROOT_CLASS = YES_ERROR;
				CLANG_WARN_UNREACHABLE_CODE = YES;
				CLANG_WARN__DUPLICATE_METHOD_MATCH = YES;
				CODE_SIGN_IDENTITY = "-";
				COPY_PHASE_STRIP = NO;
				DEBUG_INFORMATION_FORMAT = dwarf;
				ENABLE_STRICT_OBJC_MSGSEND = YES;
				ENABLE_TESTABILITY = YES;
				GCC_C_LANGUAGE_STANDARD = gnu99;
				GCC_DYNAMIC_NO_PIC = NO;
				GCC_NO_COMMON_BLOCKS = YES;
				GCC_OPTIMIZATION_LEVEL = 0;
				GCC_PREPROCESSOR_DEFINITIONS = (
					"DEBUG=1",
					"$(inherited)",
				);
				GCC_WARN_64_TO_32_BIT_CONVERSION = YES;
				GCC_WARN_ABOUT_RETURN_TYPE = YES_ERROR;
				GCC_WARN_UNDECLARED_SELECTOR = YES;
				GCC_WARN_UNINITIALIZED_AUTOS = YES_AGGRESSIVE;
				GCC_WARN_UNUSED_FUNCTION = YES;
				GCC_WARN_UNUSED_VARIABLE = YES;
				MACOSX_DEPLOYMENT_TARGET = 10.11;
				MTL_ENABLE_DEBUG_INFO = YES;
				ONLY_ACTIVE_ARCH = YES;
				SDKROOT = macosx;
			};
			name = Debug;
		};
		39AA39B51BF140DC00624579 /* Release */ = {
			isa = XCBuildConfiguration;
			buildSettings = {
				ALWAYS_SEARCH_USER_PATHS = NO;
				CLANG_CXX_LANGUAGE_STANDARD = "gnu++0x";
				CLANG_CXX_LIBRARY = "libc++";
				CLANG_ENABLE_MODULES = YES;
				CLANG_ENABLE_OBJC_ARC = YES;
				CLANG_WARN_BOOL_CONVERSION = YES;
				CLANG_WARN_CONSTANT_CONVERSION = YES;
				CLANG_WARN_DIRECT_OBJC_ISA_USAGE = YES_ERROR;
				CLANG_WARN_EMPTY_BODY = YES;
				CLANG_WARN_ENUM_CONVERSION = YES;
				CLANG_WARN_INT_CONVERSION = YES;
				CLANG_WARN_OBJC_ROOT_CLASS = YES_ERROR;
				CLANG_WARN_UNREACHABLE_CODE = YES;
				CLANG_WARN__DUPLICATE_METHOD_MATCH = YES;
				CODE_SIGN_IDENTITY = "-";
				COPY_PHASE_STRIP = NO;
				DEBUG_INFORMATION_FORMAT = "dwarf-with-dsym";
				ENABLE_NS_ASSERTIONS = NO;
				ENABLE_STRICT_OBJC_MSGSEND = YES;
				GCC_C_LANGUAGE_STANDARD = gnu99;
				GCC_NO_COMMON_BLOCKS = YES;
				GCC_WARN_64_TO_32_BIT_CONVERSION = YES;
				GCC_WARN_ABOUT_RETURN_TYPE = YES_ERROR;
				GCC_WARN_UNDECLARED_SELECTOR = YES;
				GCC_WARN_UNINITIALIZED_AUTOS = YES_AGGRESSIVE;
				GCC_WARN_UNUSED_FUNCTION = YES;
				GCC_WARN_UNUSED_VARIABLE = YES;
				MACOSX_DEPLOYMENT_TARGET = 10.11;
				MTL_ENABLE_DEBUG_INFO = NO;
				SDKROOT = macosx;
			};
			name = Release;
		};
		39AA39B71BF140DC00624579 /* Debug */ = {
			isa = XCBuildConfiguration;
			buildSettings = {
				PRODUCT_NAME = "$(TARGET_NAME)";
			};
			name = Debug;
		};
		39AA39B81BF140DC00624579 /* Release */ = {
			isa = XCBuildConfiguration;
			buildSettings = {
				PRODUCT_NAME = "$(TARGET_NAME)";
			};
			name = Release;
		};
/* End XCBuildConfiguration section */

/* Begin XCConfigurationList section */
		39AA39AA1BF140DC00624579 /* Build configuration list for PBXProject "MVC" */ = {
			isa = XCConfigurationList;
			buildConfigurations = (
				39AA39B41BF140DC00624579 /* Debug */,
				39AA39B51BF140DC00624579 /* Release */,
			);
			defaultConfigurationIsVisible = 0;
			defaultConfigurationName = Release;
		};
		39AA39B61BF140DC00624579 /* Build configuration list for PBXNativeTarget "MVC" */ = {
			isa = XCConfigurationList;
			buildConfigurations = (
				39AA39B71BF140DC00624579 /* Debug */,
				39AA39B81BF140DC00624579 /* Release */,
			);
			defaultConfigurationIsVisible = 0;
			defaultConfigurationName = Release;
		};
/* End XCConfigurationList section */
	};
	rootObject = 39AA39A71BF140DC00624579 /* Project object */;
}
